
Microsoft Visual Studio Solution File, Format Version 12.00
# Visual Studio Version 17
VisualStudioVersion = 17.5.33516.290
MinimumVisualStudioVersion = 10.0.40219.1
Project("{FAE04EC0-301F-11D3-BF4B-00C04F79EFBC}") = "AuthenticationTutorial", "AuthenticationTutorial\AuthenticationTutorial.csproj", "{665487D4-8163-41F8-904B-0B36182087A1}"
EndProject
Global
	GlobalSection(SolutionConfigurationPlatforms) = preSolution
		Debug|Any CPU = Debug|Any CPU
		Release|Any CPU = Release|Any CPU
	EndGlobalSection
	GlobalSection(ProjectConfigurationPlatforms) = postSolution
		{665487D4-8163-41F8-904B-0B36182087A1}.Debug|Any CPU.ActiveCfg = Debug|Any CPU
		{665487D4-8163-41F8-904B-0B36182087A1}.Debug|Any CPU.Build.0 = Debug|Any CPU
		{665487D4-8163-41F8-904B-0B36182087A1}.Release|Any CPU.ActiveCfg = Release|Any CPU
		{665487D4-8163-41F8-904B-0B36182087A1}.Release|Any CPU.Build.0 = Release|Any CPU
	EndGlobalSection
	GlobalSection(SolutionProperties) = preSolution
		HideSolutionNode = FALSE
	EndGlobalSection
	GlobalSection(ExtensibilityGlobals) = postSolution
		SolutionGuid = {E8CD0BF1-2044-4454-A5B1-2D56E47B2019}
	EndGlobalSection
EndGlobal
