
Microsoft Visual Studio Solution File, Format Version 12.00
# Visual Studio Version 17
VisualStudioVersion = 17.5.33516.290
MinimumVisualStudioVersion = 10.0.40219.1
Project("{FAE04EC0-301F-11D3-BF4B-00C04F79EFBC}") = "MVC_Razor_View", "MVC_Razor_View\MVC_Razor_View.csproj", "{8DBAA6E0-6CDC-40B5-ACF6-684A526B4135}"
EndProject
Global
	GlobalSection(SolutionConfigurationPlatforms) = preSolution
		Debug|Any CPU = Debug|Any CPU
		Release|Any CPU = Release|Any CPU
	EndGlobalSection
	GlobalSection(ProjectConfigurationPlatforms) = postSolution
		{8DBAA6E0-6CDC-40B5-ACF6-684A526B4135}.Debug|Any CPU.ActiveCfg = Debug|Any CPU
		{8DBAA6E0-6CDC-40B5-ACF6-684A526B4135}.Debug|Any CPU.Build.0 = Debug|Any CPU
		{8DBAA6E0-6CDC-40B5-ACF6-684A526B4135}.Release|Any CPU.ActiveCfg = Release|Any CPU
		{8DBAA6E0-6CDC-40B5-ACF6-684A526B4135}.Release|Any CPU.Build.0 = Release|Any CPU
	EndGlobalSection
	GlobalSection(SolutionProperties) = preSolution
		HideSolutionNode = FALSE
	EndGlobalSection
	GlobalSection(ExtensibilityGlobals) = postSolution
		SolutionGuid = {5C029896-DEBF-4F18-A7EE-5C057DF04599}
	EndGlobalSection
EndGlobal
